{
  "nodes": {
    "mes-perf": {
      "inputs": {
        "nixpkgs": "nixpkgs"
      },
      "locked": {
        "dir": "mes-perf-recorder",
        "lastModified": 1768992080,
        "narHash": "sha256-XSq2kqDNcJPFX2hdY9bRenZmHd1SGGxnmY80ksHJCVI=",
        "ref": "singularity-clean",
        "rev": "aa318fe0e090214687472db96d04935a86e4d242",
        "revCount": 565,
        "type": "git",
        "url": "https://github.com/meta-introspector/meta-introspector"
      },
      "original": {
        "dir": "mes-perf-recorder",
        "ref": "singularity-clean",
        "type": "git",
        "url": "https://github.com/meta-introspector/meta-introspector"
      }
    },
    "nixpkgs": {
      "locked": {
        "lastModified": 1768564909,
        "narHash": "sha256-Kell/SpJYVkHWMvnhqJz/8DqQg2b6PguxVWOuadbHCc=",
        "owner": "NixOS",
        "repo": "nixpkgs",
        "rev": "e4bae1bd10c9c57b2cf517953ab70060a828ee6f",
        "type": "github"
      },
      "original": {
        "owner": "NixOS",
        "ref": "nixos-unstable",
        "repo": "nixpkgs",
        "type": "github"
      }
    },
    "nixpkgs_2": {
      "locked": {
        "lastModified": 1768886240,
        "narHash": "sha256-C2TjvwYZ2VDxYWeqvvJ5XPPp6U7H66zeJlRaErJKoEM=",
        "owner": "NixOS",
        "repo": "nixpkgs",
        "rev": "80e4adbcf8992d3fd27ad4964fbb84907f9478b0",
        "type": "github"
      },
      "original": {
        "owner": "NixOS",
        "ref": "nixos-unstable",
        "repo": "nixpkgs",
        "type": "github"
      }
    },
    "root": {
      "inputs": {
        "mes-perf": "mes-perf",
        "nixpkgs": "nixpkgs_2"
      }
    }
  },
  "root": "root",
  "version": 7
}
